github.com/iVitaliya/colors-go v0.0.0-20220811123250-641c37bf0b3d h1:uVBWcZEv75AOulvgVTd6SVpT2mgOvV+4GTMO9/qFbOg=
github.com/iVitaliya/colors-go v0.0.0-20220811123250-641c37bf0b3d/go.mod h1:7uOhJyOcGvHdMIITKZmkKritxYutDUAsHL071aCNtc8=
github.com/iVitaliya/logger-go v0.0.0-20220817124746-eac18f71945e h1:fJX6IjIlkeoJf4v+u8FTR4TNg5LHx40DvWmKt/mHhk0=
github.com/iVitaliya/logger-go v0.0.0-20220817124746-eac18f71945e/go.mod h1:2+VHyYY8mTGAmQYuz6Xkqkyr6D51gzxlBX9U3uUu64k=
github.com/iVitaliya/memory-go v0.0.0-20221022161832-3ed49a0ac97f h1:7kI1SzErLr27afSWg5xI/LDToVjhq+q23TP9bKwR/Ps=
github.com/iVitaliya/memory-go v0.0.0-20221022161832-3ed49a0ac97f/go.mod h1:UkHd7fkdjpKUNPr+dwyhQAxPnV+mnGu7lNYpIemfqvU=
github.com/mattn/go-isatty v0.0.14 h1:yVuAays6BHfxijgZPzw+3Zlu5yQgKGP2/hcQbHb7S9Y=
github.com/mattn/go-isatty v0.0.14/go.mod h1:7GGIvUiUoEMVVmxf/4nioHXj79iQHKdU27kJ6hsGG94=
github.com/mattn/go-sqlite3 v1.14.16 h1:yOQRA0RpS5PFz/oikGwBEqvAWhWg5ufRz4ETLjwpU1Y=
github.com/mattn/go-sqlite3 v1.14.16/go.mod h1:2eHXhiwb8IkHr+BDWZGa96P6+rkvnG63S2DGjv9HUNg=
golang.org/x/sys v0.0.0-20210630005230-0f9fa26af87c/go.mod h1:oPkhp1MJrh7nUepCBck5+mAzfO9JrbApNNgaTdGDITg=
golang.org/x/sys v0.1.0 h1:kunALQeHf1/185U1i0GOB/fy1IPRDDpuoOOqRReG57U=
golang.org/x/sys v0.1.0/go.mod h1:oPkhp1MJrh7nUepCBck5+mAzfO9JrbApNNgaTdGDITg=
